
Microsoft Visual Studio Solution File, Format Version 12.00
# Visual Studio Version 17
VisualStudioVersion = 17.14.36127.28 d17.14
MinimumVisualStudioVersion = 10.0.40219.1
Project("{FAE04EC0-301F-11D3-BF4B-00C04F79EFBC}") = "ContosoUniversity", "ContosoUniversity\ContosoUniversity.csproj", "{D63645D2-1120-456C-878A-94ECB55094DF}"
EndProject
Global
	GlobalSection(SolutionConfigurationPlatforms) = preSolution
		Debug|Any CPU = Debug|Any CPU
		Release|Any CPU = Release|Any CPU
	EndGlobalSection
	GlobalSection(ProjectConfigurationPlatforms) = postSolution
		{D63645D2-1120-456C-878A-94ECB55094DF}.Debug|Any CPU.ActiveCfg = Debug|Any CPU
		{D63645D2-1120-456C-878A-94ECB55094DF}.Debug|Any CPU.Build.0 = Debug|Any CPU
		{D63645D2-1120-456C-878A-94ECB55094DF}.Release|Any CPU.ActiveCfg = Release|Any CPU
		{D63645D2-1120-456C-878A-94ECB55094DF}.Release|Any CPU.Build.0 = Release|Any CPU
	EndGlobalSection
	GlobalSection(SolutionProperties) = preSolution
		HideSolutionNode = FALSE
	EndGlobalSection
	GlobalSection(ExtensibilityGlobals) = postSolution
		SolutionGuid = {E9322247-C2CE-4EFF-AE2A-21710025A409}
	EndGlobalSection
EndGlobal
